// !$*UTF8*$!
{
	archiveVersion = 1;
	classes = {
	};
	objectVersion = 46;
	objects = {

/* Begin PBXBuildFile section */
		AC227C7F19C863C900A58662 /* AuthorizationViewController.swift in Sources */ = {isa = PBXBuildFile; fileRef = AC227C7E19C863C900A58662 /* AuthorizationViewController.swift */; };
		AC239C9519C9C768003B46F9 /* location.json in Resources */ = {isa = PBXBuildFile; fileRef = AC239C9419C9C768003B46F9 /* location.json */; };
		AC7CF5A01B14555E003105B1 /* ListViewController.swift in Sources */ = {isa = PBXBuildFile; fileRef = AC7CF59E1B14555E003105B1 /* ListViewController.swift */; };
		AC7CF5A11B14555E003105B1 /* ListViewController.xib in Resources */ = {isa = PBXBuildFile; fileRef = AC7CF59F1B14555E003105B1 /* ListViewController.xib */; };
		AC958C6319C83FAF005BF90D /* AppDelegate.swift in Sources */ = {isa = PBXBuildFile; fileRef = AC958C6219C83FAF005BF90D /* AppDelegate.swift */; };
		AC958C6519C83FAF005BF90D /* MenuViewController.swift in Sources */ = {isa = PBXBuildFile; fileRef = AC958C6419C83FAF005BF90D /* MenuViewController.swift */; };
		AC958C6819C83FAF005BF90D /* Main.storyboard in Resources */ = {isa = PBXBuildFile; fileRef = AC958C6619C83FAF005BF90D /* Main.storyboard */; };
		AC958C6A19C83FAF005BF90D /* Images.xcassets in Resources */ = {isa = PBXBuildFile; fileRef = AC958C6919C83FAF005BF90D /* Images.xcassets */; };
		AC958C6D19C83FAF005BF90D /* LaunchScreen.xib in Resources */ = {isa = PBXBuildFile; fileRef = AC958C6B19C83FAF005BF90D /* LaunchScreen.xib */; };
		AC958CFA19C84BFA005BF90D /* MessageUI.framework in Frameworks */ = {isa = PBXBuildFile; fileRef = AC958CF919C84BFA005BF90D /* MessageUI.framework */; };
		AC958CFC19C84BFF005BF90D /* MediaPlayer.framework in Frameworks */ = {isa = PBXBuildFile; fileRef = AC958CFB19C84BFF005BF90D /* MediaPlayer.framework */; };
		AC958CFE19C84C08005BF90D /* CoreMotion.framework in Frameworks */ = {isa = PBXBuildFile; fileRef = AC958CFD19C84C08005BF90D /* CoreMotion.framework */; };
		AC958D0019C84C0F005BF90D /* AVFoundation.framework in Frameworks */ = {isa = PBXBuildFile; fileRef = AC958CFF19C84C0F005BF90D /* AVFoundation.framework */; };
		AC958D0219C84C14005BF90D /* AudioToolbox.framework in Frameworks */ = {isa = PBXBuildFile; fileRef = AC958D0119C84C14005BF90D /* AudioToolbox.framework */; };
		AC958D0419C84C1A005BF90D /* CoreLocation.framework in Frameworks */ = {isa = PBXBuildFile; fileRef = AC958D0319C84C1A005BF90D /* CoreLocation.framework */; };
		AC958D0619C84C1F005BF90D /* CoreBluetooth.framework in Frameworks */ = {isa = PBXBuildFile; fileRef = AC958D0519C84C1F005BF90D /* CoreBluetooth.framework */; };
		AC958D0819C84C3A005BF90D /* SystemConfiguration.framework in Frameworks */ = {isa = PBXBuildFile; fileRef = AC958D0719C84C3A005BF90D /* SystemConfiguration.framework */; };
		AC958D0A19C84C43005BF90D /* Foundation.framework in Frameworks */ = {isa = PBXBuildFile; fileRef = AC958D0919C84C43005BF90D /* Foundation.framework */; };
		AC958D0C19C84C5C005BF90D /* CoreGraphics.framework in Frameworks */ = {isa = PBXBuildFile; fileRef = AC958D0B19C84C5C005BF90D /* CoreGraphics.framework */; };
		AC95913D1AD7F55200AD9BED /* ESTIndoorSDK.h in Headers */ = {isa = PBXBuildFile; fileRef = AC95913A1AD7F55200AD9BED /* ESTIndoorSDK.h */; };
		AC95913E1AD7F55200AD9BED /* ESTPositionView.h in Headers */ = {isa = PBXBuildFile; fileRef = AC95913B1AD7F55200AD9BED /* ESTPositionView.h */; };
		ACA807F019C965F100662B31 /* LocationViewController.swift in Sources */ = {isa = PBXBuildFile; fileRef = ACA807EE19C965F100662B31 /* LocationViewController.swift */; };
		ACA807F119C965F100662B31 /* LocationViewController.xib in Resources */ = {isa = PBXBuildFile; fileRef = ACA807EF19C965F100662B31 /* LocationViewController.xib */; };
		ACF1600019CC371F00C8A814 /* ESTBeacon.h in Headers */ = {isa = PBXBuildFile; fileRef = ACF15FC419CC371F00C8A814 /* ESTBeacon.h */; };
		ACF1600119CC371F00C8A814 /* ESTBeaconDefinitions.h in Headers */ = {isa = PBXBuildFile; fileRef = ACF15FC519CC371F00C8A814 /* ESTBeaconDefinitions.h */; };
		ACF1600219CC371F00C8A814 /* ESTBeaconFirmwareInfoVO.h in Headers */ = {isa = PBXBuildFile; fileRef = ACF15FC619CC371F00C8A814 /* ESTBeaconFirmwareInfoVO.h */; };
		ACF1600319CC371F00C8A814 /* ESTBeaconFirmwareVO.h in Headers */ = {isa = PBXBuildFile; fileRef = ACF15FC719CC371F00C8A814 /* ESTBeaconFirmwareVO.h */; };
		ACF1600419CC371F00C8A814 /* ESTBeaconManager.h in Headers */ = {isa = PBXBuildFile; fileRef = ACF15FC819CC371F00C8A814 /* ESTBeaconManager.h */; };
		ACF1600519CC371F00C8A814 /* ESTBeaconRegion.h in Headers */ = {isa = PBXBuildFile; fileRef = ACF15FC919CC371F00C8A814 /* ESTBeaconRegion.h */; };
		ACF1600619CC371F00C8A814 /* ESTBeaconVO.h in Headers */ = {isa = PBXBuildFile; fileRef = ACF15FCA19CC371F00C8A814 /* ESTBeaconVO.h */; };
		ACF160AE19CC455900C8A814 /* ESTIndoorLocationManager.h in Headers */ = {isa = PBXBuildFile; fileRef = ACF1607919CC455900C8A814 /* ESTIndoorLocationManager.h */; };
		ACF160AF19CC455900C8A814 /* ESTIndoorLocationView.h in Headers */ = {isa = PBXBuildFile; fileRef = ACF1607A19CC455900C8A814 /* ESTIndoorLocationView.h */; };
		ACF160B019CC455900C8A814 /* ESTLocation.h in Headers */ = {isa = PBXBuildFile; fileRef = ACF1607B19CC455900C8A814 /* ESTLocation.h */; };
		ACF160B119CC455900C8A814 /* ESTLocationBuilder.h in Headers */ = {isa = PBXBuildFile; fileRef = ACF1607C19CC455900C8A814 /* ESTLocationBuilder.h */; };
		ACF160B219CC455900C8A814 /* ESTLocationLinearObject.h in Headers */ = {isa = PBXBuildFile; fileRef = ACF1607D19CC455900C8A814 /* ESTLocationLinearObject.h */; };
		ACF160B319CC455900C8A814 /* ESTOrientedLineSegment.h in Headers */ = {isa = PBXBuildFile; fileRef = ACF1607E19CC455900C8A814 /* ESTOrientedLineSegment.h */; };
		ACF160B419CC455900C8A814 /* ESTOrientedPoint.h in Headers */ = {isa = PBXBuildFile; fileRef = ACF1607F19CC455900C8A814 /* ESTOrientedPoint.h */; };
		ACF160B519CC455900C8A814 /* ESTPoint.h in Headers */ = {isa = PBXBuildFile; fileRef = ACF1608019CC455900C8A814 /* ESTPoint.h */; };
		ACF160B619CC455900C8A814 /* ESTPositionedBeacon.h in Headers */ = {isa = PBXBuildFile; fileRef = ACF1608119CC455900C8A814 /* ESTPositionedBeacon.h */; };
		ACF160B819CC455900C8A814 /* 5a.mov in Resources */ = {isa = PBXBuildFile; fileRef = ACF1608419CC455900C8A814 /* 5a.mov */; };
		ACF160B919CC455900C8A814 /* 5b.mov in Resources */ = {isa = PBXBuildFile; fileRef = ACF1608519CC455900C8A814 /* 5b.mov */; };
		ACF160BA19CC455900C8A814 /* 8a.mov in Resources */ = {isa = PBXBuildFile; fileRef = ACF1608619CC455900C8A814 /* 8a.mov */; };
		ACF160BB19CC455900C8A814 /* 8b.mov in Resources */ = {isa = PBXBuildFile; fileRef = ACF1608719CC455900C8A814 /* 8b.mov */; };
		ACF160BC19CC455900C8A814 /* 8c.mov in Resources */ = {isa = PBXBuildFile; fileRef = ACF1608819CC455900C8A814 /* 8c.mov */; };
		ACF160BD19CC455900C8A814 /* 5a_first_frame@2x.png in Resources */ = {isa = PBXBuildFile; fileRef = ACF1608A19CC455900C8A814 /* 5a_first_frame@2x.png */; };
		ACF160BE19CC455900C8A814 /* 5b_first_frame@2x.png in Resources */ = {isa = PBXBuildFile; fileRef = ACF1608B19CC455900C8A814 /* 5b_first_frame@2x.png */; };
		ACF160BF19CC455900C8A814 /* 8a_first_frame@2x.png in Resources */ = {isa = PBXBuildFile; fileRef = ACF1608C19CC455900C8A814 /* 8a_first_frame@2x.png */; };
		ACF160C019CC455900C8A814 /* 8b_first_frame@2x.png in Resources */ = {isa = PBXBuildFile; fileRef = ACF1608D19CC455900C8A814 /* 8b_first_frame@2x.png */; };
		ACF160C119CC455900C8A814 /* 8c_first_frame@2x.png in Resources */ = {isa = PBXBuildFile; fileRef = ACF1608E19CC455900C8A814 /* 8c_first_frame@2x.png */; };
		ACF160C319CC455900C8A814 /* beacon_grey@2x.png in Resources */ = {isa = PBXBuildFile; fileRef = ACF1609019CC455900C8A814 /* beacon_grey@2x.png */; };
		ACF160C419CC455900C8A814 /* beaconblueberry@2x.png in Resources */ = {isa = PBXBuildFile; fileRef = ACF1609119CC455900C8A814 /* beaconblueberry@2x.png */; };
		ACF160C519CC455900C8A814 /* beaconBlueberrySmall.png in Resources */ = {isa = PBXBuildFile; fileRef = ACF1609219CC455900C8A814 /* beaconBlueberrySmall.png */; };
		ACF160C619CC455900C8A814 /* beaconBlueberrySmall@2x.png in Resources */ = {isa = PBXBuildFile; fileRef = ACF1609319CC455900C8A814 /* beaconBlueberrySmall@2x.png */; };
		ACF160C819CC455900C8A814 /* beacongrey@2x.png in Resources */ = {isa = PBXBuildFile; fileRef = ACF1609519CC455900C8A814 /* beacongrey@2x.png */; };
		ACF160C919CC455900C8A814 /* beaconGreySmall@2x.png in Resources */ = {isa = PBXBuildFile; fileRef = ACF1609619CC455900C8A814 /* beaconGreySmall@2x.png */; };
		ACF160CA19CC455900C8A814 /* beaconicy@2x.png in Resources */ = {isa = PBXBuildFile; fileRef = ACF1609719CC455900C8A814 /* beaconicy@2x.png */; };
		ACF160CB19CC455900C8A814 /* beaconIcySmall.png in Resources */ = {isa = PBXBuildFile; fileRef = ACF1609819CC455900C8A814 /* beaconIcySmall.png */; };
		ACF160CC19CC455900C8A814 /* beaconIcySmall@2x.png in Resources */ = {isa = PBXBuildFile; fileRef = ACF1609919CC455900C8A814 /* beaconIcySmall@2x.png */; };
		ACF160CD19CC455900C8A814 /* beaconmint@2x.png in Resources */ = {isa = PBXBuildFile; fileRef = ACF1609A19CC455900C8A814 /* beaconmint@2x.png */; };
		ACF160CE19CC455900C8A814 /* beaconMintSmall.png in Resources */ = {isa = PBXBuildFile; fileRef = ACF1609B19CC455900C8A814 /* beaconMintSmall.png */; };
		ACF160CF19CC455900C8A814 /* beaconMintSmall@2x.png in Resources */ = {isa = PBXBuildFile; fileRef = ACF1609C19CC455900C8A814 /* beaconMintSmall@2x.png */; };
		ACF160D019CC455900C8A814 /* indoor_error@2x.png in Resources */ = {isa = PBXBuildFile; fileRef = ACF1609D19CC455900C8A814 /* indoor_error@2x.png */; };
		ACF160D119CC455900C8A814 /* instructions@2x.png in Resources */ = {isa = PBXBuildFile; fileRef = ACF1609E19CC455900C8A814 /* instructions@2x.png */; };
		ACF160D319CC455900C8A814 /* navigation_guy@2x.png in Resources */ = {isa = PBXBuildFile; fileRef = ACF160A019CC455900C8A814 /* navigation_guy@2x.png */; };
		ACF160D719CC455900C8A814 /* screen8_beacon_blue@2x.png in Resources */ = {isa = PBXBuildFile; fileRef = ACF160A419CC455900C8A814 /* screen8_beacon_blue@2x.png */; };
		ACF160D819CC455900C8A814 /* screen8_beacon_gray@2x.png in Resources */ = {isa = PBXBuildFile; fileRef = ACF160A519CC455900C8A814 /* screen8_beacon_gray@2x.png */; };
		ACF160D919CC455900C8A814 /* screen8_beacon_gray_trans@2x.png in Resources */ = {isa = PBXBuildFile; fileRef = ACF160A619CC455900C8A814 /* screen8_beacon_gray_trans@2x.png */; };
		ACF160DA19CC455900C8A814 /* screen8_beacon_green@2x.png in Resources */ = {isa = PBXBuildFile; fileRef = ACF160A719CC455900C8A814 /* screen8_beacon_green@2x.png */; };
		ACF160DB19CC455900C8A814 /* screen8_beacon_purple@2x.png in Resources */ = {isa = PBXBuildFile; fileRef = ACF160A819CC455900C8A814 /* screen8_beacon_purple@2x.png */; };
		ACF160DD19CC455900C8A814 /* tick@2x.png in Resources */ = {isa = PBXBuildFile; fileRef = ACF160AA19CC455900C8A814 /* tick@2x.png */; };
		ACF160DE19CC455900C8A814 /* welcome@2x.png in Resources */ = {isa = PBXBuildFile; fileRef = ACF160AB19CC455900C8A814 /* welcome@2x.png */; };
		ACF160DF19CC455900C8A814 /* SixBeaconsView.xib in Resources */ = {isa = PBXBuildFile; fileRef = ACF160AC19CC455900C8A814 /* SixBeaconsView.xib */; };
		ACF160E019CC455900C8A814 /* wall_bump.wav in Resources */ = {isa = PBXBuildFile; fileRef = ACF160AD19CC455900C8A814 /* wall_bump.wav */; };
		ACFC4DBB1B0F248B001891A3 /* libEstimoteIndoorSDK.a in Frameworks */ = {isa = PBXBuildFile; fileRef = ACF1608219CC455900C8A814 /* libEstimoteIndoorSDK.a */; };
		ACFC4DBC1B0F2498001891A3 /* libEstimoteSDK.a in Frameworks */ = {isa = PBXBuildFile; fileRef = ACF15FCB19CC371F00C8A814 /* libEstimoteSDK.a */; };
		ACFC4DC51B1311A8001891A3 /* LocationCell.swift in Sources */ = {isa = PBXBuildFile; fileRef = ACFC4DC31B1311A8001891A3 /* LocationCell.swift */; };
		ACFC4DC61B1311A8001891A3 /* LocationCell.xib in Resources */ = {isa = PBXBuildFile; fileRef = ACFC4DC41B1311A8001891A3 /* LocationCell.xib */; };
/* End PBXBuildFile section */

/* Begin PBXFileReference section */
		AC227C6319C85CB500A58662 /* IndoorLocation SwiftExample-Bridging-Header.h */ = {isa = PBXFileReference; lastKnownFileType = sourcecode.c.h; path = "IndoorLocation SwiftExample-Bridging-Header.h"; sourceTree = "<group>"; };
		AC227C7E19C863C900A58662 /* AuthorizationViewController.swift */ = {isa = PBXFileReference; fileEncoding = 4; lastKnownFileType = sourcecode.swift; path = AuthorizationViewController.swift; sourceTree = "<group>"; };
		AC239C9419C9C768003B46F9 /* location.json */ = {isa = PBXFileReference; fileEncoding = 4; lastKnownFileType = text.json; path = location.json; sourceTree = "<group>"; };
		AC7CF59E1B14555E003105B1 /* ListViewController.swift */ = {isa = PBXFileReference; fileEncoding = 4; lastKnownFileType = sourcecode.swift; path = ListViewController.swift; sourceTree = "<group>"; };
		AC7CF59F1B14555E003105B1 /* ListViewController.xib */ = {isa = PBXFileReference; fileEncoding = 4; lastKnownFileType = file.xib; path = ListViewController.xib; sourceTree = "<group>"; };
		AC958C5D19C83FAF005BF90D /* IndoorLocation SwiftExample.app */ = {isa = PBXFileReference; explicitFileType = wrapper.application; includeInIndex = 0; path = "IndoorLocation SwiftExample.app"; sourceTree = BUILT_PRODUCTS_DIR; };
		AC958C6119C83FAF005BF90D /* Info.plist */ = {isa = PBXFileReference; lastKnownFileType = text.plist.xml; path = Info.plist; sourceTree = "<group>"; };
		AC958C6219C83FAF005BF90D /* AppDelegate.swift */ = {isa = PBXFileReference; lastKnownFileType = sourcecode.swift; path = AppDelegate.swift; sourceTree = "<group>"; };
		AC958C6419C83FAF005BF90D /* MenuViewController.swift */ = {isa = PBXFileReference; lastKnownFileType = sourcecode.swift; path = MenuViewController.swift; sourceTree = "<group>"; };
		AC958C6719C83FAF005BF90D /* Base */ = {isa = PBXFileReference; lastKnownFileType = file.storyboard; name = Base; path = Base.lproj/Main.storyboard; sourceTree = "<group>"; };
		AC958C6919C83FAF005BF90D /* Images.xcassets */ = {isa = PBXFileReference; lastKnownFileType = folder.assetcatalog; path = Images.xcassets; sourceTree = "<group>"; };
		AC958C6C19C83FAF005BF90D /* Base */ = {isa = PBXFileReference; lastKnownFileType = file.xib; name = Base; path = Base.lproj/LaunchScreen.xib; sourceTree = "<group>"; };
		AC958CF919C84BFA005BF90D /* MessageUI.framework */ = {isa = PBXFileReference; lastKnownFileType = wrapper.framework; name = MessageUI.framework; path = System/Library/Frameworks/MessageUI.framework; sourceTree = SDKROOT; };
		AC958CFB19C84BFF005BF90D /* MediaPlayer.framework */ = {isa = PBXFileReference; lastKnownFileType = wrapper.framework; name = MediaPlayer.framework; path = System/Library/Frameworks/MediaPlayer.framework; sourceTree = SDKROOT; };
		AC958CFD19C84C08005BF90D /* CoreMotion.framework */ = {isa = PBXFileReference; lastKnownFileType = wrapper.framework; name = CoreMotion.framework; path = System/Library/Frameworks/CoreMotion.framework; sourceTree = SDKROOT; };
		AC958CFF19C84C0F005BF90D /* AVFoundation.framework */ = {isa = PBXFileReference; lastKnownFileType = wrapper.framework; name = AVFoundation.framework; path = System/Library/Frameworks/AVFoundation.framework; sourceTree = SDKROOT; };
		AC958D0119C84C14005BF90D /* AudioToolbox.framework */ = {isa = PBXFileReference; lastKnownFileType = wrapper.framework; name = AudioToolbox.framework; path = System/Library/Frameworks/AudioToolbox.framework; sourceTree = SDKROOT; };
		AC958D0319C84C1A005BF90D /* CoreLocation.framework */ = {isa = PBXFileReference; lastKnownFileType = wrapper.framework; name = CoreLocation.framework; path = System/Library/Frameworks/CoreLocation.framework; sourceTree = SDKROOT; };
		AC958D0519C84C1F005BF90D /* CoreBluetooth.framework */ = {isa = PBXFileReference; lastKnownFileType = wrapper.framework; name = CoreBluetooth.framework; path = System/Library/Frameworks/CoreBluetooth.framework; sourceTree = SDKROOT; };
		AC958D0719C84C3A005BF90D /* SystemConfiguration.framework */ = {isa = PBXFileReference; lastKnownFileType = wrapper.framework; name = SystemConfiguration.framework; path = System/Library/Frameworks/SystemConfiguration.framework; sourceTree = SDKROOT; };
		AC958D0919C84C43005BF90D /* Foundation.framework */ = {isa = PBXFileReference; lastKnownFileType = wrapper.framework; name = Foundation.framework; path = System/Library/Frameworks/Foundation.framework; sourceTree = SDKROOT; };
		AC958D0B19C84C5C005BF90D /* CoreGraphics.framework */ = {isa = PBXFileReference; lastKnownFileType = wrapper.framework; name = CoreGraphics.framework; path = System/Library/Frameworks/CoreGraphics.framework; sourceTree = SDKROOT; };
		AC95913A1AD7F55200AD9BED /* ESTIndoorSDK.h */ = {isa = PBXFileReference; fileEncoding = 4; lastKnownFileType = sourcecode.c.h; path = ESTIndoorSDK.h; sourceTree = "<group>"; };
		AC95913B1AD7F55200AD9BED /* ESTPositionView.h */ = {isa = PBXFileReference; fileEncoding = 4; lastKnownFileType = sourcecode.c.h; path = ESTPositionView.h; sourceTree = "<group>"; };
		ACA807EE19C965F100662B31 /* LocationViewController.swift */ = {isa = PBXFileReference; fileEncoding = 4; lastKnownFileType = sourcecode.swift; path = LocationViewController.swift; sourceTree = "<group>"; };
		ACA807EF19C965F100662B31 /* LocationViewController.xib */ = {isa = PBXFileReference; fileEncoding = 4; lastKnownFileType = file.xib; path = LocationViewController.xib; sourceTree = "<group>"; };
		ACF15FC419CC371F00C8A814 /* ESTBeacon.h */ = {isa = PBXFileReference; fileEncoding = 4; lastKnownFileType = sourcecode.c.h; path = ESTBeacon.h; sourceTree = "<group>"; };
		ACF15FC519CC371F00C8A814 /* ESTBeaconDefinitions.h */ = {isa = PBXFileReference; fileEncoding = 4; lastKnownFileType = sourcecode.c.h; path = ESTBeaconDefinitions.h; sourceTree = "<group>"; };
		ACF15FC619CC371F00C8A814 /* ESTBeaconFirmwareInfoVO.h */ = {isa = PBXFileReference; fileEncoding = 4; lastKnownFileType = sourcecode.c.h; path = ESTBeaconFirmwareInfoVO.h; sourceTree = "<group>"; };
		ACF15FC719CC371F00C8A814 /* ESTBeaconFirmwareVO.h */ = {isa = PBXFileReference; fileEncoding = 4; lastKnownFileType = sourcecode.c.h; path = ESTBeaconFirmwareVO.h; sourceTree = "<group>"; };
		ACF15FC819CC371F00C8A814 /* ESTBeaconManager.h */ = {isa = PBXFileReference; fileEncoding = 4; lastKnownFileType = sourcecode.c.h; path = ESTBeaconManager.h; sourceTree = "<group>"; };
		ACF15FC919CC371F00C8A814 /* ESTBeaconRegion.h */ = {isa = PBXFileReference; fileEncoding = 4; lastKnownFileType = sourcecode.c.h; path = ESTBeaconRegion.h; sourceTree = "<group>"; };
		ACF15FCA19CC371F00C8A814 /* ESTBeaconVO.h */ = {isa = PBXFileReference; fileEncoding = 4; lastKnownFileType = sourcecode.c.h; path = ESTBeaconVO.h; sourceTree = "<group>"; };
		ACF15FCB19CC371F00C8A814 /* libEstimoteSDK.a */ = {isa = PBXFileReference; lastKnownFileType = archive.ar; path = libEstimoteSDK.a; sourceTree = "<group>"; };
		ACF15FCC19CC371F00C8A814 /* README.md */ = {isa = PBXFileReference; fileEncoding = 4; lastKnownFileType = net.daringfireball.markdown; path = README.md; sourceTree = "<group>"; };
		ACF1607919CC455900C8A814 /* ESTIndoorLocationManager.h */ = {isa = PBXFileReference; fileEncoding = 4; lastKnownFileType = sourcecode.c.h; path = ESTIndoorLocationManager.h; sourceTree = "<group>"; };
		ACF1607A19CC455900C8A814 /* ESTIndoorLocationView.h */ = {isa = PBXFileReference; fileEncoding = 4; lastKnownFileType = sourcecode.c.h; path = ESTIndoorLocationView.h; sourceTree = "<group>"; };
		ACF1607B19CC455900C8A814 /* ESTLocation.h */ = {isa = PBXFileReference; fileEncoding = 4; lastKnownFileType = sourcecode.c.h; path = ESTLocation.h; sourceTree = "<group>"; };
		ACF1607C19CC455900C8A814 /* ESTLocationBuilder.h */ = {isa = PBXFileReference; fileEncoding = 4; lastKnownFileType = sourcecode.c.h; path = ESTLocationBuilder.h; sourceTree = "<group>"; };
		ACF1607D19CC455900C8A814 /* ESTLocationLinearObject.h */ = {isa = PBXFileReference; fileEncoding = 4; lastKnownFileType = sourcecode.c.h; path = ESTLocationLinearObject.h; sourceTree = "<group>"; };
		ACF1607E19CC455900C8A814 /* ESTOrientedLineSegment.h */ = {isa = PBXFileReference; fileEncoding = 4; lastKnownFileType = sourcecode.c.h; path = ESTOrientedLineSegment.h; sourceTree = "<group>"; };
		ACF1607F19CC455900C8A814 /* ESTOrientedPoint.h */ = {isa = PBXFileReference; fileEncoding = 4; lastKnownFileType = sourcecode.c.h; path = ESTOrientedPoint.h; sourceTree = "<group>"; };
		ACF1608019CC455900C8A814 /* ESTPoint.h */ = {isa = PBXFileReference; fileEncoding = 4; lastKnownFileType = sourcecode.c.h; path = ESTPoint.h; sourceTree = "<group>"; };
		ACF1608119CC455900C8A814 /* ESTPositionedBeacon.h */ = {isa = PBXFileReference; fileEncoding = 4; lastKnownFileType = sourcecode.c.h; path = ESTPositionedBeacon.h; sourceTree = "<group>"; };
		ACF1608219CC455900C8A814 /* libEstimoteIndoorSDK.a */ = {isa = PBXFileReference; lastKnownFileType = archive.ar; path = libEstimoteIndoorSDK.a; sourceTree = "<group>"; };
		ACF1608419CC455900C8A814 /* 5a.mov */ = {isa = PBXFileReference; lastKnownFileType = video.quicktime; path = 5a.mov; sourceTree = "<group>"; };
		ACF1608519CC455900C8A814 /* 5b.mov */ = {isa = PBXFileReference; lastKnownFileType = video.quicktime; path = 5b.mov; sourceTree = "<group>"; };
		ACF1608619CC455900C8A814 /* 8a.mov */ = {isa = PBXFileReference; lastKnownFileType = video.quicktime; path = 8a.mov; sourceTree = "<group>"; };
		ACF1608719CC455900C8A814 /* 8b.mov */ = {isa = PBXFileReference; lastKnownFileType = video.quicktime; path = 8b.mov; sourceTree = "<group>"; };
		ACF1608819CC455900C8A814 /* 8c.mov */ = {isa = PBXFileReference; lastKnownFileType = video.quicktime; path = 8c.mov; sourceTree = "<group>"; };
		ACF1608A19CC455900C8A814 /* 5a_first_frame@2x.png */ = {isa = PBXFileReference; lastKnownFileType = image.png; path = "5a_first_frame@2x.png"; sourceTree = "<group>"; };
		ACF1608B19CC455900C8A814 /* 5b_first_frame@2x.png */ = {isa = PBXFileReference; lastKnownFileType = image.png; path = "5b_first_frame@2x.png"; sourceTree = "<group>"; };
		ACF1608C19CC455900C8A814 /* 8a_first_frame@2x.png */ = {isa = PBXFileReference; lastKnownFileType = image.png; path = "8a_first_frame@2x.png"; sourceTree = "<group>"; };
		ACF1608D19CC455900C8A814 /* 8b_first_frame@2x.png */ = {isa = PBXFileReference; lastKnownFileType = image.png; path = "8b_first_frame@2x.png"; sourceTree = "<group>"; };
		ACF1608E19CC455900C8A814 /* 8c_first_frame@2x.png */ = {isa = PBXFileReference; lastKnownFileType = image.png; path = "8c_first_frame@2x.png"; sourceTree = "<group>"; };
		ACF1609019CC455900C8A814 /* beacon_grey@2x.png */ = {isa = PBXFileReference; lastKnownFileType = image.png; path = "beacon_grey@2x.png"; sourceTree = "<group>"; };
		ACF1609119CC455900C8A814 /* beaconblueberry@2x.png */ = {isa = PBXFileReference; lastKnownFileType = image.png; path = "beaconblueberry@2x.png"; sourceTree = "<group>"; };
		ACF1609219CC455900C8A814 /* beaconBlueberrySmall.png */ = {isa = PBXFileReference; lastKnownFileType = image.png; path = beaconBlueberrySmall.png; sourceTree = "<group>"; };
		ACF1609319CC455900C8A814 /* beaconBlueberrySmall@2x.png */ = {isa = PBXFileReference; lastKnownFileType = image.png; path = "beaconBlueberrySmall@2x.png"; sourceTree = "<group>"; };
		ACF1609519CC455900C8A814 /* beacongrey@2x.png */ = {isa = PBXFileReference; lastKnownFileType = image.png; path = "beacongrey@2x.png"; sourceTree = "<group>"; };
		ACF1609619CC455900C8A814 /* beaconGreySmall@2x.png */ = {isa = PBXFileReference; lastKnownFileType = image.png; path = "beaconGreySmall@2x.png"; sourceTree = "<group>"; };
		ACF1609719CC455900C8A814 /* beaconicy@2x.png */ = {isa = PBXFileReference; lastKnownFileType = image.png; path = "beaconicy@2x.png"; sourceTree = "<group>"; };
		ACF1609819CC455900C8A814 /* beaconIcySmall.png */ = {isa = PBXFileReference; lastKnownFileType = image.png; path = beaconIcySmall.png; sourceTree = "<group>"; };
		ACF1609919CC455900C8A814 /* beaconIcySmall@2x.png */ = {isa = PBXFileReference; lastKnownFileType = image.png; path = "beaconIcySmall@2x.png"; sourceTree = "<group>"; };
		ACF1609A19CC455900C8A814 /* beaconmint@2x.png */ = {isa = PBXFileReference; lastKnownFileType = image.png; path = "beaconmint@2x.png"; sourceTree = "<group>"; };
		ACF1609B19CC455900C8A814 /* beaconMintSmall.png */ = {isa = PBXFileReference; lastKnownFileType = image.png; path = beaconMintSmall.png; sourceTree = "<group>"; };
		ACF1609C19CC455900C8A814 /* beaconMintSmall@2x.png */ = {isa = PBXFileReference; lastKnownFileType = image.png; path = "beaconMintSmall@2x.png"; sourceTree = "<group>"; };
		ACF1609D19CC455900C8A814 /* indoor_error@2x.png */ = {isa = PBXFileReference; lastKnownFileType = image.png; path = "indoor_error@2x.png"; sourceTree = "<group>"; };
		ACF1609E19CC455900C8A814 /* instructions@2x.png */ = {isa = PBXFileReference; lastKnownFileType = image.png; path = "instructions@2x.png"; sourceTree = "<group>"; };
		ACF160A019CC455900C8A814 /* navigation_guy@2x.png */ = {isa = PBXFileReference; lastKnownFileType = image.png; path = "navigation_guy@2x.png"; sourceTree = "<group>"; };
		ACF160A419CC455900C8A814 /* screen8_beacon_blue@2x.png */ = {isa = PBXFileReference; lastKnownFileType = image.png; path = "screen8_beacon_blue@2x.png"; sourceTree = "<group>"; };
		ACF160A519CC455900C8A814 /* screen8_beacon_gray@2x.png */ = {isa = PBXFileReference; lastKnownFileType = image.png; path = "screen8_beacon_gray@2x.png"; sourceTree = "<group>"; };
		ACF160A619CC455900C8A814 /* screen8_beacon_gray_trans@2x.png */ = {isa = PBXFileReference; lastKnownFileType = image.png; path = "screen8_beacon_gray_trans@2x.png"; sourceTree = "<group>"; };
		ACF160A719CC455900C8A814 /* screen8_beacon_green@2x.png */ = {isa = PBXFileReference; lastKnownFileType = image.png; path = "screen8_beacon_green@2x.png"; sourceTree = "<group>"; };
		ACF160A819CC455900C8A814 /* screen8_beacon_purple@2x.png */ = {isa = PBXFileReference; lastKnownFileType = image.png; path = "screen8_beacon_purple@2x.png"; sourceTree = "<group>"; };
		ACF160AA19CC455900C8A814 /* tick@2x.png */ = {isa = PBXFileReference; lastKnownFileType = image.png; path = "tick@2x.png"; sourceTree = "<group>"; };
		ACF160AB19CC455900C8A814 /* welcome@2x.png */ = {isa = PBXFileReference; lastKnownFileType = image.png; path = "welcome@2x.png"; sourceTree = "<group>"; };
		ACF160AC19CC455900C8A814 /* SixBeaconsView.xib */ = {isa = PBXFileReference; fileEncoding = 4; lastKnownFileType = file.xib; path = SixBeaconsView.xib; sourceTree = "<group>"; };
		ACF160AD19CC455900C8A814 /* wall_bump.wav */ = {isa = PBXFileReference; lastKnownFileType = audio.wav; path = wall_bump.wav; sourceTree = "<group>"; };
		ACFC4DC31B1311A8001891A3 /* LocationCell.swift */ = {isa = PBXFileReference; fileEncoding = 4; lastKnownFileType = sourcecode.swift; path = LocationCell.swift; sourceTree = "<group>"; };
		ACFC4DC41B1311A8001891A3 /* LocationCell.xib */ = {isa = PBXFileReference; fileEncoding = 4; lastKnownFileType = file.xib; path = LocationCell.xib; sourceTree = "<group>"; };
/* End PBXFileReference section */

/* Begin PBXFrameworksBuildPhase section */
		AC958C5A19C83FAF005BF90D /* Frameworks */ = {
			isa = PBXFrameworksBuildPhase;
			buildActionMask = 2147483647;
			files = (
				ACFC4DBC1B0F2498001891A3 /* libEstimoteSDK.a in Frameworks */,
				ACFC4DBB1B0F248B001891A3 /* libEstimoteIndoorSDK.a in Frameworks */,
				AC958D0C19C84C5C005BF90D /* CoreGraphics.framework in Frameworks */,
				AC958D0A19C84C43005BF90D /* Foundation.framework in Frameworks */,
				AC958D0819C84C3A005BF90D /* SystemConfiguration.framework in Frameworks */,
				AC958D0619C84C1F005BF90D /* CoreBluetooth.framework in Frameworks */,
				AC958D0419C84C1A005BF90D /* CoreLocation.framework in Frameworks */,
				AC958D0219C84C14005BF90D /* AudioToolbox.framework in Frameworks */,
				AC958D0019C84C0F005BF90D /* AVFoundation.framework in Frameworks */,
				AC958CFE19C84C08005BF90D /* CoreMotion.framework in Frameworks */,
				AC958CFC19C84BFF005BF90D /* MediaPlayer.framework in Frameworks */,
				AC958CFA19C84BFA005BF90D /* MessageUI.framework in Frameworks */,
			);
			runOnlyForDeploymentPostprocessing = 0;
		};
/* End PBXFrameworksBuildPhase section */

/* Begin PBXGroup section */
		AC958C5419C83FAF005BF90D = {
			isa = PBXGroup;
			children = (
				AC958D0B19C84C5C005BF90D /* CoreGraphics.framework */,
				AC958D0919C84C43005BF90D /* Foundation.framework */,
				AC958D0719C84C3A005BF90D /* SystemConfiguration.framework */,
				AC958D0519C84C1F005BF90D /* CoreBluetooth.framework */,
				AC958D0319C84C1A005BF90D /* CoreLocation.framework */,
				AC958D0119C84C14005BF90D /* AudioToolbox.framework */,
				AC958CFF19C84C0F005BF90D /* AVFoundation.framework */,
				AC958CFD19C84C08005BF90D /* CoreMotion.framework */,
				AC958CFB19C84BFF005BF90D /* MediaPlayer.framework */,
				AC958CF919C84BFA005BF90D /* MessageUI.framework */,
				AC958C5F19C83FAF005BF90D /* IndoorLocation SwiftExample */,
				AC958C5E19C83FAF005BF90D /* Products */,
			);
			sourceTree = "<group>";
		};
		AC958C5E19C83FAF005BF90D /* Products */ = {
			isa = PBXGroup;
			children = (
				AC958C5D19C83FAF005BF90D /* IndoorLocation SwiftExample.app */,
			);
			name = Products;
			sourceTree = "<group>";
		};
		AC958C5F19C83FAF005BF90D /* IndoorLocation SwiftExample */ = {
			isa = PBXGroup;
			children = (
				AC958C6219C83FAF005BF90D /* AppDelegate.swift */,
				AC958C6619C83FAF005BF90D /* Main.storyboard */,
				AC958C6419C83FAF005BF90D /* MenuViewController.swift */,
				AC227C7E19C863C900A58662 /* AuthorizationViewController.swift */,
				ACA807EE19C965F100662B31 /* LocationViewController.swift */,
				ACA807EF19C965F100662B31 /* LocationViewController.xib */,
				AC958C6919C83FAF005BF90D /* Images.xcassets */,
				AC958C6B19C83FAF005BF90D /* LaunchScreen.xib */,
				AC227C6319C85CB500A58662 /* IndoorLocation SwiftExample-Bridging-Header.h */,
				AC958C6019C83FAF005BF90D /* Supporting Files */,
				ACFC4DC31B1311A8001891A3 /* LocationCell.swift */,
				ACFC4DC41B1311A8001891A3 /* LocationCell.xib */,
				AC7CF59E1B14555E003105B1 /* ListViewController.swift */,
				AC7CF59F1B14555E003105B1 /* ListViewController.xib */,
			);
			path = "IndoorLocation SwiftExample";
			sourceTree = "<group>";
		};
		AC958C6019C83FAF005BF90D /* Supporting Files */ = {
			isa = PBXGroup;
			children = (
				ACF1607719CC455900C8A814 /* EstimoteIndoorLocationSDK */,
				ACF15FC219CC371F00C8A814 /* EstimoteSDK */,
				AC239C9419C9C768003B46F9 /* location.json */,
				AC958C6119C83FAF005BF90D /* Info.plist */,
			);
			name = "Supporting Files";
			sourceTree = "<group>";
		};
		ACF15FC219CC371F00C8A814 /* EstimoteSDK */ = {
			isa = PBXGroup;
			children = (
				ACF15FC319CC371F00C8A814 /* Headers */,
				ACF15FCB19CC371F00C8A814 /* libEstimoteSDK.a */,
				ACF15FCC19CC371F00C8A814 /* README.md */,
			);
			name = EstimoteSDK;
			path = ../../../EstimoteSDK;
			sourceTree = "<group>";
		};
		ACF15FC319CC371F00C8A814 /* Headers */ = {
			isa = PBXGroup;
			children = (
				ACF15FC419CC371F00C8A814 /* ESTBeacon.h */,
				ACF15FC519CC371F00C8A814 /* ESTBeaconDefinitions.h */,
				ACF15FC619CC371F00C8A814 /* ESTBeaconFirmwareInfoVO.h */,
				ACF15FC719CC371F00C8A814 /* ESTBeaconFirmwareVO.h */,
				ACF15FC819CC371F00C8A814 /* ESTBeaconManager.h */,
				ACF15FC919CC371F00C8A814 /* ESTBeaconRegion.h */,
				ACF15FCA19CC371F00C8A814 /* ESTBeaconVO.h */,
			);
			path = Headers;
			sourceTree = "<group>";
		};
		ACF1607719CC455900C8A814 /* EstimoteIndoorLocationSDK */ = {
			isa = PBXGroup;
			children = (
				ACF1607819CC455900C8A814 /* Headers */,
				ACF1608219CC455900C8A814 /* libEstimoteIndoorSDK.a */,
				ACF1608319CC455900C8A814 /* Resources */,
			);
			name = EstimoteIndoorLocationSDK;
			path = ../../../EstimoteIndoorLocationSDK;
			sourceTree = "<group>";
		};
		ACF1607819CC455900C8A814 /* Headers */ = {
			isa = PBXGroup;
			children = (
				AC95913A1AD7F55200AD9BED /* ESTIndoorSDK.h */,
				AC95913B1AD7F55200AD9BED /* ESTPositionView.h */,
				ACF1607919CC455900C8A814 /* ESTIndoorLocationManager.h */,
				ACF1607A19CC455900C8A814 /* ESTIndoorLocationView.h */,
				ACF1607B19CC455900C8A814 /* ESTLocation.h */,
				ACF1607C19CC455900C8A814 /* ESTLocationBuilder.h */,
				ACF1607D19CC455900C8A814 /* ESTLocationLinearObject.h */,
				ACF1607E19CC455900C8A814 /* ESTOrientedLineSegment.h */,
				ACF1607F19CC455900C8A814 /* ESTOrientedPoint.h */,
				ACF1608019CC455900C8A814 /* ESTPoint.h */,
				ACF1608119CC455900C8A814 /* ESTPositionedBeacon.h */,
			);
			path = Headers;
			sourceTree = "<group>";
		};
		ACF1608319CC455900C8A814 /* Resources */ = {
			isa = PBXGroup;
			children = (
				ACF1608419CC455900C8A814 /* 5a.mov */,
				ACF1608519CC455900C8A814 /* 5b.mov */,
				ACF1608619CC455900C8A814 /* 8a.mov */,
				ACF1608719CC455900C8A814 /* 8b.mov */,
				ACF1608819CC455900C8A814 /* 8c.mov */,
				ACF1608919CC455900C8A814 /* Images */,
				ACF160AC19CC455900C8A814 /* SixBeaconsView.xib */,
				ACF160AD19CC455900C8A814 /* wall_bump.wav */,
			);
			path = Resources;
			sourceTree = "<group>";
		};
		ACF1608919CC455900C8A814 /* Images */ = {
			isa = PBXGroup;
			children = (
				ACF1608A19CC455900C8A814 /* 5a_first_frame@2x.png */,
				ACF1608B19CC455900C8A814 /* 5b_first_frame@2x.png */,
				ACF1608C19CC455900C8A814 /* 8a_first_frame@2x.png */,
				ACF1608D19CC455900C8A814 /* 8b_first_frame@2x.png */,
				ACF1608E19CC455900C8A814 /* 8c_first_frame@2x.png */,
				ACF1609019CC455900C8A814 /* beacon_grey@2x.png */,
				ACF1609119CC455900C8A814 /* beaconblueberry@2x.png */,
				ACF1609219CC455900C8A814 /* beaconBlueberrySmall.png */,
				ACF1609319CC455900C8A814 /* beaconBlueberrySmall@2x.png */,
				ACF1609519CC455900C8A814 /* beacongrey@2x.png */,
				ACF1609619CC455900C8A814 /* beaconGreySmall@2x.png */,
				ACF1609719CC455900C8A814 /* beaconicy@2x.png */,
				ACF1609819CC455900C8A814 /* beaconIcySmall.png */,
				ACF1609919CC455900C8A814 /* beaconIcySmall@2x.png */,
				ACF1609A19CC455900C8A814 /* beaconmint@2x.png */,
				ACF1609B19CC455900C8A814 /* beaconMintSmall.png */,
				ACF1609C19CC455900C8A814 /* beaconMintSmall@2x.png */,
				ACF1609D19CC455900C8A814 /* indoor_error@2x.png */,
				ACF1609E19CC455900C8A814 /* instructions@2x.png */,
				ACF160A019CC455900C8A814 /* navigation_guy@2x.png */,
				ACF160A419CC455900C8A814 /* screen8_beacon_blue@2x.png */,
				ACF160A519CC455900C8A814 /* screen8_beacon_gray@2x.png */,
				ACF160A619CC455900C8A814 /* screen8_beacon_gray_trans@2x.png */,
				ACF160A719CC455900C8A814 /* screen8_beacon_green@2x.png */,
				ACF160A819CC455900C8A814 /* screen8_beacon_purple@2x.png */,
				ACF160AA19CC455900C8A814 /* tick@2x.png */,
				ACF160AB19CC455900C8A814 /* welcome@2x.png */,
			);
			path = Images;
			sourceTree = "<group>";
		};
/* End PBXGroup section */

/* Begin PBXHeadersBuildPhase section */
		ACDCB39519C9A8D900D4FD49 /* Headers */ = {
			isa = PBXHeadersBuildPhase;
			buildActionMask = 2147483647;
			files = (
				AC95913E1AD7F55200AD9BED /* ESTPositionView.h in Headers */,
				ACF1600419CC371F00C8A814 /* ESTBeaconManager.h in Headers */,
				ACF1600319CC371F00C8A814 /* ESTBeaconFirmwareVO.h in Headers */,
				ACF160B219CC455900C8A814 /* ESTLocationLinearObject.h in Headers */,
				ACF1600219CC371F00C8A814 /* ESTBeaconFirmwareInfoVO.h in Headers */,
				ACF160B419CC455900C8A814 /* ESTOrientedPoint.h in Headers */,
				ACF160AE19CC455900C8A814 /* ESTIndoorLocationManager.h in Headers */,
				ACF160B119CC455900C8A814 /* ESTLocationBuilder.h in Headers */,
				AC95913D1AD7F55200AD9BED /* ESTIndoorSDK.h in Headers */,
				ACF160B519CC455900C8A814 /* ESTPoint.h in Headers */,
				ACF1600519CC371F00C8A814 /* ESTBeaconRegion.h in Headers */,
				ACF160AF19CC455900C8A814 /* ESTIndoorLocationView.h in Headers */,
				ACF160B019CC455900C8A814 /* ESTLocation.h in Headers */,
				ACF1600619CC371F00C8A814 /* ESTBeaconVO.h in Headers */,
				ACF1600119CC371F00C8A814 /* ESTBeaconDefinitions.h in Headers */,
				ACF160B619CC455900C8A814 /* ESTPositionedBeacon.h in Headers */,
				ACF160B319CC455900C8A814 /* ESTOrientedLineSegment.h in Headers */,
				ACF1600019CC371F00C8A814 /* ESTBeacon.h in Headers */,
			);
			runOnlyForDeploymentPostprocessing = 0;
		};
/* End PBXHeadersBuildPhase section */

/* Begin PBXNativeTarget section */
		AC958C5C19C83FAF005BF90D /* IndoorLocation SwiftExample */ = {
			isa = PBXNativeTarget;
			buildConfigurationList = AC958C7C19C83FAF005BF90D /* Build configuration list for PBXNativeTarget "IndoorLocation SwiftExample" */;
			buildPhases = (
				AC958C5919C83FAF005BF90D /* Sources */,
				AC958C5A19C83FAF005BF90D /* Frameworks */,
				AC958C5B19C83FAF005BF90D /* Resources */,
				ACDCB39519C9A8D900D4FD49 /* Headers */,
			);
			buildRules = (
			);
			dependencies = (
			);
			name = "IndoorLocation SwiftExample";
			productName = "IndoorLocation SwiftExample";
			productReference = AC958C5D19C83FAF005BF90D /* IndoorLocation SwiftExample.app */;
			productType = "com.apple.product-type.application";
		};
/* End PBXNativeTarget section */

/* Begin PBXProject section */
		AC958C5519C83FAF005BF90D /* Project object */ = {
			isa = PBXProject;
			attributes = {
				LastUpgradeCheck = 0600;
				ORGANIZATIONNAME = "Estimote Inc";
				TargetAttributes = {
					AC958C5C19C83FAF005BF90D = {
						CreatedOnToolsVersion = 6.0;
					};
				};
			};
			buildConfigurationList = AC958C5819C83FAF005BF90D /* Build configuration list for PBXProject "IndoorLocation SwiftExample" */;
			compatibilityVersion = "Xcode 3.2";
			developmentRegion = English;
			hasScannedForEncodings = 0;
			knownRegions = (
				en,
				Base,
			);
			mainGroup = AC958C5419C83FAF005BF90D;
			productRefGroup = AC958C5E19C83FAF005BF90D /* Products */;
			projectDirPath = "";
			projectRoot = "";
			targets = (
				AC958C5C19C83FAF005BF90D /* IndoorLocation SwiftExample */,
			);
		};
/* End PBXProject section */

/* Begin PBXResourcesBuildPhase section */
		AC958C5B19C83FAF005BF90D /* Resources */ = {
			isa = PBXResourcesBuildPhase;
			buildActionMask = 2147483647;
			files = (
				ACF160DD19CC455900C8A814 /* tick@2x.png in Resources */,
				ACF160B819CC455900C8A814 /* 5a.mov in Resources */,
				ACF160D119CC455900C8A814 /* instructions@2x.png in Resources */,
				ACF160D319CC455900C8A814 /* navigation_guy@2x.png in Resources */,
				ACF160D019CC455900C8A814 /* indoor_error@2x.png in Resources */,
				AC239C9519C9C768003B46F9 /* location.json in Resources */,
				ACF160BD19CC455900C8A814 /* 5a_first_frame@2x.png in Resources */,
				AC958C6819C83FAF005BF90D /* Main.storyboard in Resources */,
				ACF160DB19CC455900C8A814 /* screen8_beacon_purple@2x.png in Resources */,
				ACF160B919CC455900C8A814 /* 5b.mov in Resources */,
				ACF160C019CC455900C8A814 /* 8b_first_frame@2x.png in Resources */,
				AC958C6D19C83FAF005BF90D /* LaunchScreen.xib in Resources */,
				ACF160BC19CC455900C8A814 /* 8c.mov in Resources */,
				ACF160C119CC455900C8A814 /* 8c_first_frame@2x.png in Resources */,
				ACF160DA19CC455900C8A814 /* screen8_beacon_green@2x.png in Resources */,
				ACF160CF19CC455900C8A814 /* beaconMintSmall@2x.png in Resources */,
				ACF160D719CC455900C8A814 /* screen8_beacon_blue@2x.png in Resources */,
				ACF160CC19CC455900C8A814 /* beaconIcySmall@2x.png in Resources */,
				ACF160D819CC455900C8A814 /* screen8_beacon_gray@2x.png in Resources */,
				ACF160CA19CC455900C8A814 /* beaconicy@2x.png in Resources */,
				ACF160C319CC455900C8A814 /* beacon_grey@2x.png in Resources */,
				ACF160BF19CC455900C8A814 /* 8a_first_frame@2x.png in Resources */,
				AC7CF5A11B14555E003105B1 /* ListViewController.xib in Resources */,
				ACF160C519CC455900C8A814 /* beaconBlueberrySmall.png in Resources */,
				ACF160C919CC455900C8A814 /* beaconGreySmall@2x.png in Resources */,
				ACF160C619CC455900C8A814 /* beaconBlueberrySmall@2x.png in Resources */,
				ACFC4DC61B1311A8001891A3 /* LocationCell.xib in Resources */,
				ACA807F119C965F100662B31 /* LocationViewController.xib in Resources */,
				AC958C6A19C83FAF005BF90D /* Images.xcassets in Resources */,
				ACF160CE19CC455900C8A814 /* beaconMintSmall.png in Resources */,
				ACF160BA19CC455900C8A814 /* 8a.mov in Resources */,
				ACF160DE19CC455900C8A814 /* welcome@2x.png in Resources */,
				ACF160E019CC455900C8A814 /* wall_bump.wav in Resources */,
				ACF160CB19CC455900C8A814 /* beaconIcySmall.png in Resources */,
				ACF160CD19CC455900C8A814 /* beaconmint@2x.png in Resources */,
				ACF160DF19CC455900C8A814 /* SixBeaconsView.xib in Resources */,
				ACF160BE19CC455900C8A814 /* 5b_first_frame@2x.png in Resources */,
				ACF160C819CC455900C8A814 /* beacongrey@2x.png in Resources */,
				ACF160D919CC455900C8A814 /* screen8_beacon_gray_trans@2x.png in Resources */,
				ACF160BB19CC455900C8A814 /* 8b.mov in Resources */,
				ACF160C419CC455900C8A814 /* beaconblueberry@2x.png in Resources */,
			);
			runOnlyForDeploymentPostprocessing = 0;
		};
/* End PBXResourcesBuildPhase section */

/* Begin PBXSourcesBuildPhase section */
		AC958C5919C83FAF005BF90D /* Sources */ = {
			isa = PBXSourcesBuildPhase;
			buildActionMask = 2147483647;
			files = (
				AC227C7F19C863C900A58662 /* AuthorizationViewController.swift in Sources */,
				AC7CF5A01B14555E003105B1 /* ListViewController.swift in Sources */,
				AC958C6519C83FAF005BF90D /* MenuViewController.swift in Sources */,
				ACFC4DC51B1311A8001891A3 /* LocationCell.swift in Sources */,
				AC958C6319C83FAF005BF90D /* AppDelegate.swift in Sources */,
				ACA807F019C965F100662B31 /* LocationViewController.swift in Sources */,
			);
			runOnlyForDeploymentPostprocessing = 0;
		};
/* End PBXSourcesBuildPhase section */

/* Begin PBXVariantGroup section */
		AC958C6619C83FAF005BF90D /* Main.storyboard */ = {
			isa = PBXVariantGroup;
			children = (
				AC958C6719C83FAF005BF90D /* Base */,
			);
			name = Main.storyboard;
			sourceTree = "<group>";
		};
		AC958C6B19C83FAF005BF90D /* LaunchScreen.xib */ = {
			isa = PBXVariantGroup;
			children = (
				AC958C6C19C83FAF005BF90D /* Base */,
			);
			name = LaunchScreen.xib;
			sourceTree = "<group>";
		};
/* End PBXVariantGroup section */

/* Begin XCBuildConfiguration section */
		AC958C7A19C83FAF005BF90D /* Debug */ = {
			isa = XCBuildConfiguration;
			buildSettings = {
				ALWAYS_SEARCH_USER_PATHS = NO;
				CLANG_CXX_LANGUAGE_STANDARD = "gnu++0x";
				CLANG_CXX_LIBRARY = "libc++";
				CLANG_ENABLE_MODULES = YES;
				CLANG_ENABLE_OBJC_ARC = YES;
				CLANG_WARN_BOOL_CONVERSION = YES;
				CLANG_WARN_CONSTANT_CONVERSION = YES;
				CLANG_WARN_DIRECT_OBJC_ISA_USAGE = YES_ERROR;
				CLANG_WARN_EMPTY_BODY = YES;
				CLANG_WARN_ENUM_CONVERSION = YES;
				CLANG_WARN_INT_CONVERSION = YES;
				CLANG_WARN_OBJC_ROOT_CLASS = YES_ERROR;
				CLANG_WARN_UNREACHABLE_CODE = YES;
				CLANG_WARN__DUPLICATE_METHOD_MATCH = YES;
				"CODE_SIGN_IDENTITY[sdk=iphoneos*]" = "iPhone Developer";
				COPY_PHASE_STRIP = NO;
				ENABLE_STRICT_OBJC_MSGSEND = YES;
				GCC_C_LANGUAGE_STANDARD = gnu99;
				GCC_DYNAMIC_NO_PIC = NO;
				GCC_OPTIMIZATION_LEVEL = 0;
				GCC_PREPROCESSOR_DEFINITIONS = (
					"DEBUG=1",
					"$(inherited)",
				);
				GCC_SYMBOLS_PRIVATE_EXTERN = NO;
				GCC_WARN_64_TO_32_BIT_CONVERSION = YES;
				GCC_WARN_ABOUT_RETURN_TYPE = YES_ERROR;
				GCC_WARN_UNDECLARED_SELECTOR = YES;
				GCC_WARN_UNINITIALIZED_AUTOS = YES_AGGRESSIVE;
				GCC_WARN_UNUSED_FUNCTION = YES;
				GCC_WARN_UNUSED_VARIABLE = YES;
				IPHONEOS_DEPLOYMENT_TARGET = 8.0;
				MTL_ENABLE_DEBUG_INFO = YES;
				ONLY_ACTIVE_ARCH = YES;
				SDKROOT = iphoneos;
				SWIFT_OPTIMIZATION_LEVEL = "-Onone";
			};
			name = Debug;
		};
		AC958C7B19C83FAF005BF90D /* Release */ = {
			isa = XCBuildConfiguration;
			buildSettings = {
				ALWAYS_SEARCH_USER_PATHS = NO;
				CLANG_CXX_LANGUAGE_STANDARD = "gnu++0x";
				CLANG_CXX_LIBRARY = "libc++";
				CLANG_ENABLE_MODULES = YES;
				CLANG_ENABLE_OBJC_ARC = YES;
				CLANG_WARN_BOOL_CONVERSION = YES;
				CLANG_WARN_CONSTANT_CONVERSION = YES;
				CLANG_WARN_DIRECT_OBJC_ISA_USAGE = YES_ERROR;
				CLANG_WARN_EMPTY_BODY = YES;
				CLANG_WARN_ENUM_CONVERSION = YES;
				CLANG_WARN_INT_CONVERSION = YES;
				CLANG_WARN_OBJC_ROOT_CLASS = YES_ERROR;
				CLANG_WARN_UNREACHABLE_CODE = YES;
				CLANG_WARN__DUPLICATE_METHOD_MATCH = YES;
				"CODE_SIGN_IDENTITY[sdk=iphoneos*]" = "iPhone Developer";
				COPY_PHASE_STRIP = YES;
				ENABLE_NS_ASSERTIONS = NO;
				ENABLE_STRICT_OBJC_MSGSEND = YES;
				GCC_C_LANGUAGE_STANDARD = gnu99;
				GCC_WARN_64_TO_32_BIT_CONVERSION = YES;
				GCC_WARN_ABOUT_RETURN_TYPE = YES_ERROR;
				GCC_WARN_UNDECLARED_SELECTOR = YES;
				GCC_WARN_UNINITIALIZED_AUTOS = YES_AGGRESSIVE;
				GCC_WARN_UNUSED_FUNCTION = YES;
				GCC_WARN_UNUSED_VARIABLE = YES;
				IPHONEOS_DEPLOYMENT_TARGET = 8.0;
				MTL_ENABLE_DEBUG_INFO = NO;
				SDKROOT = iphoneos;
				VALIDATE_PRODUCT = YES;
			};
			name = Release;
		};
		AC958C7D19C83FAF005BF90D /* Debug */ = {
			isa = XCBuildConfiguration;
			buildSettings = {
				ASSETCATALOG_COMPILER_APPICON_NAME = AppIcon;
				CLANG_ENABLE_MODULES = YES;
				HEADER_SEARCH_PATHS = (
					"$(inherited)",
					"$(PROJECT_DIR)/../../EstimoteIndoorLocationSDK/Headers",
					"$(PROJECT_DIR)/../../EstimoteSDK/Headers",
					/Applications/XcodeBeta/Xcode.app/Contents/Developer/Toolchains/XcodeDefault.xctoolchain/usr/include,
				);
				INFOPLIST_FILE = "IndoorLocation SwiftExample/Info.plist";
				IPHONEOS_DEPLOYMENT_TARGET = 8.0;
				LD_RUNPATH_SEARCH_PATHS = "$(inherited) @executable_path/Frameworks";
				LIBRARY_SEARCH_PATHS = (
					"$(PROJECT_DIR)/../../EstimoteIndoorLocationSDK",
					"$(PROJECT_DIR)/../../EstimoteSDK",
					"$(inherited)",
				);
				OTHER_LDFLAGS = "-lc++";
				PRODUCT_NAME = "$(TARGET_NAME)";
				SWIFT_OBJC_BRIDGING_HEADER = "IndoorLocation SwiftExample/IndoorLocation SwiftExample-Bridging-Header.h";
				SWIFT_OPTIMIZATION_LEVEL = "-Onone";
			};
			name = Debug;
		};
		AC958C7E19C83FAF005BF90D /* Release */ = {
			isa = XCBuildConfiguration;
			buildSettings = {
				ASSETCATALOG_COMPILER_APPICON_NAME = AppIcon;
				CLANG_ENABLE_MODULES = YES;
				HEADER_SEARCH_PATHS = (
					"$(inherited)",
					"$(PROJECT_DIR)/../../EstimoteIndoorLocationSDK/Headers",
					"$(PROJECT_DIR)/../../EstimoteSDK/Headers",
					/Applications/XcodeBeta/Xcode.app/Contents/Developer/Toolchains/XcodeDefault.xctoolchain/usr/include,
				);
				INFOPLIST_FILE = "IndoorLocation SwiftExample/Info.plist";
				IPHONEOS_DEPLOYMENT_TARGET = 8.0;
				LD_RUNPATH_SEARCH_PATHS = "$(inherited) @executable_path/Frameworks";
				LIBRARY_SEARCH_PATHS = (
					"$(PROJECT_DIR)/../../EstimoteIndoorLocationSDK",
					"$(PROJECT_DIR)/../../EstimoteSDK",
					"$(inherited)",
				);
				OTHER_LDFLAGS = "-lc++";
				PRODUCT_NAME = "$(TARGET_NAME)";
				SWIFT_OBJC_BRIDGING_HEADER = "IndoorLocation SwiftExample/IndoorLocation SwiftExample-Bridging-Header.h";
			};
			name = Release;
		};
/* End XCBuildConfiguration section */

/* Begin XCConfigurationList section */
		AC958C5819C83FAF005BF90D /* Build configuration list for PBXProject "IndoorLocation SwiftExample" */ = {
			isa = XCConfigurationList;
			buildConfigurations = (
				AC958C7A19C83FAF005BF90D /* Debug */,
				AC958C7B19C83FAF005BF90D /* Release */,
			);
			defaultConfigurationIsVisible = 0;
			defaultConfigurationName = Release;
		};
		AC958C7C19C83FAF005BF90D /* Build configuration list for PBXNativeTarget "IndoorLocation SwiftExample" */ = {
			isa = XCConfigurationList;
			buildConfigurations = (
				AC958C7D19C83FAF005BF90D /* Debug */,
				AC958C7E19C83FAF005BF90D /* Release */,
			);
			defaultConfigurationIsVisible = 0;
			defaultConfigurationName = Release;
		};
/* End XCConfigurationList section */
	};
	rootObject = AC958C5519C83FAF005BF90D /* Project object */;
}
